
Microsoft Visual Studio Solution File, Format Version 12.00
# Visual Studio Version 16
VisualStudioVersion = 16.0.31702.278
MinimumVisualStudioVersion = 10.0.40219.1
Project("{9A19103F-16F7-4668-BE54-9A1E7A4F7556}") = "Elite3E.RestAPI", "Elite3E.RestAPI.csproj", "{A7E5B7A6-8BA6-4316-AD7B-F9F50B6C2946}"
EndProject
Global
	GlobalSection(SolutionConfigurationPlatforms) = preSolution
		Debug|Any CPU = Debug|Any CPU
		Release|Any CPU = Release|Any CPU
	EndGlobalSection
	GlobalSection(ProjectConfigurationPlatforms) = postSolution
		{A7E5B7A6-8BA6-4316-AD7B-F9F50B6C2946}.Debug|Any CPU.ActiveCfg = Debug|Any CPU
		{A7E5B7A6-8BA6-4316-AD7B-F9F50B6C2946}.Debug|Any CPU.Build.0 = Debug|Any CPU
		{A7E5B7A6-8BA6-4316-AD7B-F9F50B6C2946}.Release|Any CPU.ActiveCfg = Release|Any CPU
		{A7E5B7A6-8BA6-4316-AD7B-F9F50B6C2946}.Release|Any CPU.Build.0 = Release|Any CPU
	EndGlobalSection
	GlobalSection(SolutionProperties) = preSolution
		HideSolutionNode = FALSE
	EndGlobalSection
	GlobalSection(ExtensibilityGlobals) = postSolution
		SolutionGuid = {DA117B14-771B-4337-A6FB-03BCE07C7B40}
	EndGlobalSection
EndGlobal
